
Microsoft Visual Studio Solution File, Format Version 12.00
# Visual Studio Version 17
VisualStudioVersion = 17.4.33122.133
MinimumVisualStudioVersion = 10.0.40219.1
Project("{FAE04EC0-301F-11D3-BF4B-00C04F79EFBC}") = "Ansely.EmailSender", "Ansely.EmailSender.csproj", "{29FC5E98-09B5-411C-8B51-6A5F86985252}"
EndProject
Global
	GlobalSection(SolutionConfigurationPlatforms) = preSolution
		Debug|Any CPU = Debug|Any CPU
		Release|Any CPU = Release|Any CPU
	EndGlobalSection
	GlobalSection(ProjectConfigurationPlatforms) = postSolution
		{29FC5E98-09B5-411C-8B51-6A5F86985252}.Debug|Any CPU.ActiveCfg = Debug|Any CPU
		{29FC5E98-09B5-411C-8B51-6A5F86985252}.Debug|Any CPU.Build.0 = Debug|Any CPU
		{29FC5E98-09B5-411C-8B51-6A5F86985252}.Release|Any CPU.ActiveCfg = Release|Any CPU
		{29FC5E98-09B5-411C-8B51-6A5F86985252}.Release|Any CPU.Build.0 = Release|Any CPU
	EndGlobalSection
	GlobalSection(SolutionProperties) = preSolution
		HideSolutionNode = FALSE
	EndGlobalSection
	GlobalSection(ExtensibilityGlobals) = postSolution
		SolutionGuid = {CDF7BB0A-33A1-4CE1-A0E5-81A0824A0A94}
	EndGlobalSection
EndGlobal
